
Microsoft Visual Studio Solution File, Format Version 9.00
# Visual Studio 2005
# SharpDevelop 2.2.1.2675
Project("{FAE04EC0-301F-11D3-BF4B-00C04F79EFBC}") = "TreeStructure", "TreeStructure.csproj", "{6E7A2953-CE4C-4C1A-9B1A-E390E0FC19C7}"
EndProject
Global
	GlobalSection(SolutionConfigurationPlatforms) = preSolution
		Debug|Any CPU = Debug|Any CPU
		Release|Any CPU = Release|Any CPU
	EndGlobalSection
	GlobalSection(ProjectConfigurationPlatforms) = postSolution
		{6E7A2953-CE4C-4C1A-9B1A-E390E0FC19C7}.Debug|Any CPU.Build.0 = Debug|Any CPU
		{6E7A2953-CE4C-4C1A-9B1A-E390E0FC19C7}.Debug|Any CPU.ActiveCfg = Debug|Any CPU
		{6E7A2953-CE4C-4C1A-9B1A-E390E0FC19C7}.Release|Any CPU.Build.0 = Release|Any CPU
		{6E7A2953-CE4C-4C1A-9B1A-E390E0FC19C7}.Release|Any CPU.ActiveCfg = Release|Any CPU
	EndGlobalSection
EndGlobal
